<?xml version="1.0" encoding="utf-8"?>
<Project ToolsVersion="4.0" xmlns="http://schemas.microsoft.com/developer/msbuild/2003">
  <ItemGroup>
    <Filter Include="Quelldateien">
      <UniqueIdentifier>{4FC737F1-C7A5-4376-A066-2A32D752A2FF}</UniqueIdentifier>
      <Extensions>cpp;c;cc;cxx;def;odl;idl;hpj;bat;asm;asmx</Extensions>
    </Filter>
    <Filter Include="Headerdateien">
      <UniqueIdentifier>{93995380-89BD-4b04-88EB-625FBE52EBFB}</UniqueIdentifier>
      <Extensions>h;hh;hpp;hxx;hm;inl;inc;xsd</Extensions>
    </Filter>
    <Filter Include="Ressourcendateien">
      <UniqueIdentifier>{67DA6AB6-F800-4c08-8B7A-83BB121AAD01}</UniqueIdentifier>
      <Extensions>rc;ico;cur;bmp;dlg;rc2;rct;bin;rgs;gif;jpg;jpeg;jpe;resx;tiff;tif;png;wav;mfcribbon-ms</Extensions>
    </Filter>
  </ItemGroup>
  <ItemGroup>
    <ClInclude Include="D2Pool.h">
      <Filter>Headerdateien</Filter>
    </ClInclude>
    <ClInclude Include="Game.h">
      <Filter>Headerdateien</Filter>
    </ClInclude>
    <ClInclude Include="MyGame.h">
      <Filter>Headerdateien</Filter>
    </ClInclude>
    <ClInclude Include="Layer.h">
      <Filter>Headerdateien</Filter>
    </ClInclude>
    <ClInclude Include="Drawable.h">
      <Filter>Headerdateien</Filter>
    </ClInclude>
    <ClInclude Include="ProgressBarLayer.h">
      <Filter>Headerdateien</Filter>
    </ClInclude>
    <ClInclude Include="CashDisplayLayer.h">
      <Filter>Headerdateien</Filter>
    </ClInclude>
    <ClInclude Include="UnitStats.h">
      <Filter>Headerdateien</Filter>
    </ClInclude>
    <ClInclude Include="Unit.h">
      <Filter>Headerdateien</Filter>
    </ClInclude>
    <ClInclude Include="MapLayer.h">
      <Filter>Headerdateien</Filter>
    </ClInclude>
    <ClInclude Include="MapData.h">
      <Filter>Headerdateien</Filter>
    </ClInclude>
    <ClInclude Include="MapTile.h">
      <Filter>Headerdateien</Filter>
    </ClInclude>
    <ClInclude Include="DragController.h">
      <Filter>Headerdateien</Filter>
    </ClInclude>
    <ClInclude Include="InfoLayer.h">
      <Filter>Headerdateien</Filter>
    </ClInclude>
    <ClInclude Include="Player.h">
      <Filter>Headerdateien</Filter>
    </ClInclude>
    <ClInclude Include="Util.h">
      <Filter>Headerdateien</Filter>
    </ClInclude>
    <ClInclude Include="Inventory.h">
      <Filter>Headerdateien</Filter>
    </ClInclude>
    <ClInclude Include="Item.h">
      <Filter>Headerdateien</Filter>
    </ClInclude>
    <ClInclude Include="crc32.h">
      <Filter>Headerdateien</Filter>
    </ClInclude>
    <ClInclude Include="MyGameItems.h">
      <Filter>Headerdateien</Filter>
    </ClInclude>
    <ClInclude Include="InventoryLayer.h">
      <Filter>Headerdateien</Filter>
    </ClInclude>
    <ClInclude Include="ButtonLayer.h">
      <Filter>Headerdateien</Filter>
    </ClInclude>
    <ClInclude Include="ITimedAnimation.h">
      <Filter>Headerdateien</Filter>
    </ClInclude>
    <ClInclude Include="LinearTimedAnimation.h">
      <Filter>Headerdateien</Filter>
    </ClInclude>
    <ClInclude Include="InventoryItemLayer.h">
      <Filter>Headerdateien</Filter>
    </ClInclude>
    <ClInclude Include="resource.h">
      <Filter>Headerdateien</Filter>
    </ClInclude>
    <ClInclude Include="MyGameTime.h">
      <Filter>Headerdateien</Filter>
    </ClInclude>
    <ClInclude Include="MyGameTimeLayer.h">
      <Filter>Headerdateien</Filter>
    </ClInclude>
    <ClInclude Include="native.h">
      <Filter>Headerdateien</Filter>
    </ClInclude>
  </ItemGroup>
  <ItemGroup>
    <ClCompile Include="D2Pool.cpp">
      <Filter>Quelldateien</Filter>
    </ClCompile>
    <ClCompile Include="main.cpp">
      <Filter>Quelldateien</Filter>
    </ClCompile>
    <ClCompile Include="Game.cpp">
      <Filter>Quelldateien</Filter>
    </ClCompile>
    <ClCompile Include="MyGame.cpp">
      <Filter>Quelldateien</Filter>
    </ClCompile>
    <ClCompile Include="Layer.cpp">
      <Filter>Quelldateien</Filter>
    </ClCompile>
    <ClCompile Include="Drawable.cpp">
      <Filter>Quelldateien</Filter>
    </ClCompile>
    <ClCompile Include="ProgressBarLayer.cpp">
      <Filter>Quelldateien</Filter>
    </ClCompile>
    <ClCompile Include="CashDisplayLayer.cpp">
      <Filter>Quelldateien</Filter>
    </ClCompile>
    <ClCompile Include="UnitStats.cpp">
      <Filter>Quelldateien</Filter>
    </ClCompile>
    <ClCompile Include="Unit.cpp">
      <Filter>Quelldateien</Filter>
    </ClCompile>
    <ClCompile Include="MapLayer.cpp">
      <Filter>Quelldateien</Filter>
    </ClCompile>
    <ClCompile Include="MapData.cpp">
      <Filter>Quelldateien</Filter>
    </ClCompile>
    <ClCompile Include="MapTile.cpp">
      <Filter>Quelldateien</Filter>
    </ClCompile>
    <ClCompile Include="DragController.cpp">
      <Filter>Quelldateien</Filter>
    </ClCompile>
    <ClCompile Include="InfoLayer.cpp">
      <Filter>Quelldateien</Filter>
    </ClCompile>
    <ClCompile Include="Player.cpp">
      <Filter>Quelldateien</Filter>
    </ClCompile>
    <ClCompile Include="Util.cpp">
      <Filter>Quelldateien</Filter>
    </ClCompile>
    <ClCompile Include="Inventory.cpp">
      <Filter>Quelldateien</Filter>
    </ClCompile>
    <ClCompile Include="Item.cpp">
      <Filter>Quelldateien</Filter>
    </ClCompile>
    <ClCompile Include="crc32.cpp">
      <Filter>Quelldateien</Filter>
    </ClCompile>
    <ClCompile Include="MyGameItems.cpp">
      <Filter>Quelldateien</Filter>
    </ClCompile>
    <ClCompile Include="ButtonLayer.cpp">
      <Filter>Quelldateien</Filter>
    </ClCompile>
    <ClCompile Include="ITimedAnimation.cpp">
      <Filter>Quelldateien</Filter>
    </ClCompile>
    <ClCompile Include="LinearTimedAnimation.cpp">
      <Filter>Quelldateien</Filter>
    </ClCompile>
    <ClCompile Include="InventoryLayer.cpp">
      <Filter>Quelldateien</Filter>
    </ClCompile>
    <ClCompile Include="InventoryItemLayer.cpp">
      <Filter>Quelldateien</Filter>
    </ClCompile>
    <ClCompile Include="MyGameTime.cpp">
      <Filter>Quelldateien</Filter>
    </ClCompile>
    <ClCompile Include="MyGameTimeLayer.cpp">
      <Filter>Quelldateien</Filter>
    </ClCompile>
  </ItemGroup>
  <ItemGroup>
    <ResourceCompile Include="lkijgidjkf11111111.rc">
      <Filter>Ressourcendateien</Filter>
    </ResourceCompile>
  </ItemGroup>
  <ItemGroup>
    <Image Include="outside.ico">
      <Filter>Ressourcendateien</Filter>
    </Image>
  </ItemGroup>
</Project>